
Microsoft Visual Studio Solution File, Format Version 12.00
Project("{2150E333-8FDC-42A3-9474-1A3956D46DE8}") = "Solution Items", "Solution Items", "{56D1D110-030F-4450-91AF-0CBCF9682F8A}"
	ProjectSection(SolutionItems) = preProject
		docker-compose.yml = docker-compose.yml
	EndProjectSection
EndProject
Project("{2150E333-8FDC-42A3-9474-1A3956D46DE8}") = "src", "src", "{9FF52E45-68B3-4113-96C2-BEA4FEB2F98A}"
EndProject
Project("{FAE04EC0-301F-11D3-BF4B-00C04F79EFBC}") = "Movies.Api", "Movies.Api\Movies.Api.csproj", "{88B3596B-36A1-4B46-8A13-6C13F4FCBAD6}"
EndProject
Project("{FAE04EC0-301F-11D3-BF4B-00C04F79EFBC}") = "Movies.App", "Movies.App\Movies.App.csproj", "{274371B1-6A51-42FB-9FBE-984A2F12E350}"
EndProject
Project("{FAE04EC0-301F-11D3-BF4B-00C04F79EFBC}") = "Movies.Contracts", "Movies.Contracts\Movies.Contracts.csproj", "{D5A76BC5-FD40-4769-BC19-FB8ACCA0F75C}"
EndProject
Project("{2150E333-8FDC-42A3-9474-1A3956D46DE8}") = "tests", "tests", "{E211DEA6-AA5D-423C-A700-79A407B41EEA}"
EndProject
Project("{FAE04EC0-301F-11D3-BF4B-00C04F79EFBC}") = "Movies.Api.Tests.Integration", "Movies.Api.Tests.Integration\Movies.Api.Tests.Integration.csproj", "{A37D8183-E932-4DB4-8834-6E293A386C91}"
EndProject
Project("{FAE04EC0-301F-11D3-BF4B-00C04F79EFBC}") = "Movies.Api.Tests.Unit", "Movies.Api.Tests.Unit\Movies.Api.Tests.Unit.csproj", "{6BDAB677-6C95-4010-AC6B-C5887028E8AE}"
EndProject
Global
	GlobalSection(SolutionConfigurationPlatforms) = preSolution
		Debug|Any CPU = Debug|Any CPU
		Release|Any CPU = Release|Any CPU
	EndGlobalSection
	GlobalSection(ProjectConfigurationPlatforms) = postSolution
		{88B3596B-36A1-4B46-8A13-6C13F4FCBAD6}.Debug|Any CPU.ActiveCfg = Debug|Any CPU
		{88B3596B-36A1-4B46-8A13-6C13F4FCBAD6}.Debug|Any CPU.Build.0 = Debug|Any CPU
		{88B3596B-36A1-4B46-8A13-6C13F4FCBAD6}.Release|Any CPU.ActiveCfg = Release|Any CPU
		{88B3596B-36A1-4B46-8A13-6C13F4FCBAD6}.Release|Any CPU.Build.0 = Release|Any CPU
		{274371B1-6A51-42FB-9FBE-984A2F12E350}.Debug|Any CPU.ActiveCfg = Debug|Any CPU
		{274371B1-6A51-42FB-9FBE-984A2F12E350}.Debug|Any CPU.Build.0 = Debug|Any CPU
		{274371B1-6A51-42FB-9FBE-984A2F12E350}.Release|Any CPU.ActiveCfg = Release|Any CPU
		{274371B1-6A51-42FB-9FBE-984A2F12E350}.Release|Any CPU.Build.0 = Release|Any CPU
		{D5A76BC5-FD40-4769-BC19-FB8ACCA0F75C}.Debug|Any CPU.ActiveCfg = Debug|Any CPU
		{D5A76BC5-FD40-4769-BC19-FB8ACCA0F75C}.Debug|Any CPU.Build.0 = Debug|Any CPU
		{D5A76BC5-FD40-4769-BC19-FB8ACCA0F75C}.Release|Any CPU.ActiveCfg = Release|Any CPU
		{D5A76BC5-FD40-4769-BC19-FB8ACCA0F75C}.Release|Any CPU.Build.0 = Release|Any CPU
		{A37D8183-E932-4DB4-8834-6E293A386C91}.Debug|Any CPU.ActiveCfg = Debug|Any CPU
		{A37D8183-E932-4DB4-8834-6E293A386C91}.Debug|Any CPU.Build.0 = Debug|Any CPU
		{A37D8183-E932-4DB4-8834-6E293A386C91}.Release|Any CPU.ActiveCfg = Release|Any CPU
		{A37D8183-E932-4DB4-8834-6E293A386C91}.Release|Any CPU.Build.0 = Release|Any CPU
		{6BDAB677-6C95-4010-AC6B-C5887028E8AE}.Debug|Any CPU.ActiveCfg = Debug|Any CPU
		{6BDAB677-6C95-4010-AC6B-C5887028E8AE}.Debug|Any CPU.Build.0 = Debug|Any CPU
		{6BDAB677-6C95-4010-AC6B-C5887028E8AE}.Release|Any CPU.ActiveCfg = Release|Any CPU
		{6BDAB677-6C95-4010-AC6B-C5887028E8AE}.Release|Any CPU.Build.0 = Release|Any CPU
	EndGlobalSection
	GlobalSection(NestedProjects) = preSolution
		{88B3596B-36A1-4B46-8A13-6C13F4FCBAD6} = {9FF52E45-68B3-4113-96C2-BEA4FEB2F98A}
		{274371B1-6A51-42FB-9FBE-984A2F12E350} = {9FF52E45-68B3-4113-96C2-BEA4FEB2F98A}
		{D5A76BC5-FD40-4769-BC19-FB8ACCA0F75C} = {9FF52E45-68B3-4113-96C2-BEA4FEB2F98A}
		{A37D8183-E932-4DB4-8834-6E293A386C91} = {E211DEA6-AA5D-423C-A700-79A407B41EEA}
		{6BDAB677-6C95-4010-AC6B-C5887028E8AE} = {E211DEA6-AA5D-423C-A700-79A407B41EEA}
	EndGlobalSection
EndGlobal
